DEPENDENCIES
  acme
    path: .
    metadata: true
  kubernetes-stack
    git: https://github.com/teracyhq-incubator/kubernetes-stack-cookbook.git
    revision: 3822d0b7c47cbbfe67982f0a232ec79ff55bddb8
    branch: develop

GRAPH
  acme (0.1.0)
    chef-dk (>= 0.0.0)
    kubernetes-stack (>= 0.0.0)
  chef-dk (3.1.0)
    dmg (~> 2.2)
  dmg (2.4.0)
  kubernetes-stack (0.1.0)
